{
  "requires": true,
  "lockfileVersion": 1,
  "dependencies": {
    "cordova-plugin-admob-facebook": {
      "version": "4.23.0",
      "resolved": "https://registry.npmjs.org/cordova-plugin-admob-facebook/-/cordova-plugin-admob-facebook-4.23.0.tgz",
      "integrity": "sha1-9dVFDVPPRgX0MGy9Xl5x+0Mv69g="
    }
  }
}
