{
  "requires": true,
  "lockfileVersion": 1,
  "dependencies": {
    "cordova-plugin-admob-facebook": {
      "version": "4.23.0",
      "resolved": "https://registry.npmjs.org/cordova-plugin-admob-facebook/-/cordova-plugin-admob-facebook-4.23.0.tgz",
      "integrity": "sha1-9dVFDVPPRgX0MGy9Xl5x+0Mv69g="
    },
    "cordova-plugin-admobpro": {
      "version": "2.37.2",
      "resolved": "https://registry.npmjs.org/cordova-plugin-admobpro/-/cordova-plugin-admobpro-2.37.2.tgz",
      "integrity": "sha512-/sshroXqqU2wvgMjzBBiW9iGb0WVsN/SVh2gzU8DeEsLl72ZUM0qHrnJEst/1KiMin3A7kU7byti7jwL9Wkcxw=="
    },
    "cordova-plugin-splashscreen": {
      "version": "5.0.2",
      "resolved": "https://registry.npmjs.org/cordova-plugin-splashscreen/-/cordova-plugin-splashscreen-5.0.2.tgz",
      "integrity": "sha1-dH509W4gHNWFvGLRS8oZ9oZ/8e0="
    }
  }
}
